// !$*UTF8*$!
{
	archiveVersion = 1;
	classes = {
	};
	objectVersion = 77;
	objects = {

/* Begin PBXBuildFile section */
		52F9D07A2F50B38B00F3E154 /* SwiftTerm in Frameworks */ = {isa = PBXBuildFile; productRef = 52F9D0792F50B38B00F3E154 /* SwiftTerm */; };
		58603A442F50F4BE003CE425 /* XCTest.framework in Frameworks */ = {isa = PBXBuildFile; fileRef = 58603A432F50F4BE003CE425 /* XCTest.framework */; };
		58603A452F50F4BE003CE425 /* XCTest.framework in Embed Frameworks */ = {isa = PBXBuildFile; fileRef = 58603A432F50F4BE003CE425 /* XCTest.framework */; settings = {ATTRIBUTES = (CodeSignOnCopy, RemoveHeadersOnCopy, ); }; };
/* End PBXBuildFile section */

/* Begin PBXContainerItemProxy section */
		5270EC2D2F504A90009EAFD2 /* PBXContainerItemProxy */ = {
			isa = PBXContainerItemProxy;
			containerPortal = 5270EC132F504A8E009EAFD2 /* Project object */;
			proxyType = 1;
			remoteGlobalIDString = 5270EC1A2F504A8E009EAFD2;
			remoteInfo = capsule;
		};
		5270EC372F504A90009EAFD2 /* PBXContainerItemProxy */ = {
			isa = PBXContainerItemProxy;
			containerPortal = 5270EC132F504A8E009EAFD2 /* Project object */;
			proxyType = 1;
			remoteGlobalIDString = 5270EC1A2F504A8E009EAFD2;
			remoteInfo = capsule;
		};
/* End PBXContainerItemProxy section */

/* Begin PBXCopyFilesBuildPhase section */
		58603A462F50F4BE003CE425 /* Embed Frameworks */ = {
			isa = PBXCopyFilesBuildPhase;
			buildActionMask = 2147483647;
			dstPath = "";
			dstSubfolderSpec = 10;
			files = (
				58603A452F50F4BE003CE425 /* XCTest.framework in Embed Frameworks */,
			);
			name = "Embed Frameworks";
			runOnlyForDeploymentPostprocessing = 0;
		};
/* End PBXCopyFilesBuildPhase section */

/* Begin PBXFileReference section */
		5270EC1B2F504A8E009EAFD2 /* capsule.app */ = {isa = PBXFileReference; explicitFileType = wrapper.application; includeInIndex = 0; path = capsule.app; sourceTree = BUILT_PRODUCTS_DIR; };
		5270EC2C2F504A90009EAFD2 /* capsuleTests.xctest */ = {isa = PBXFileReference; explicitFileType = wrapper.cfbundle; includeInIndex = 0; path = capsuleTests.xctest; sourceTree = BUILT_PRODUCTS_DIR; };
		5270EC362F504A90009EAFD2 /* capsuleUITests.xctest */ = {isa = PBXFileReference; explicitFileType = wrapper.cfbundle; includeInIndex = 0; path = capsuleUITests.xctest; sourceTree = BUILT_PRODUCTS_DIR; };
		58603A432F50F4BE003CE425 /* XCTest.framework */ = {isa = PBXFileReference; lastKnownFileType = wrapper.framework; name = XCTest.framework; path = Platforms/MacOSX.platform/Developer/Library/Frameworks/XCTest.framework; sourceTree = DEVELOPER_DIR; };
/* End PBXFileReference section */

/* Begin PBXFileSystemSynchronizedRootGroup section */
		5270EC1D2F504A8E009EAFD2 /* capsule */ = {
			isa = PBXFileSystemSynchronizedRootGroup;
			path = capsule;
			sourceTree = "<group>";
		};
		5270EC2F2F504A90009EAFD2 /* capsuleTests */ = {
			isa = PBXFileSystemSynchronizedRootGroup;
			path = capsuleTests;
			sourceTree = "<group>";
		};
		5270EC392F504A90009EAFD2 /* capsuleUITests */ = {
			isa = PBXFileSystemSynchronizedRootGroup;
			path = capsuleUITests;
			sourceTree = "<group>";
		};
/* End PBXFileSystemSynchronizedRootGroup section */

/* Begin PBXFrameworksBuildPhase section */
		5270EC182F504A8E009EAFD2 /* Frameworks */ = {
			isa = PBXFrameworksBuildPhase;
			buildActionMask = 2147483647;
			files = (
				52F9D07A2F50B38B00F3E154 /* SwiftTerm in Frameworks */,
			);
			runOnlyForDeploymentPostprocessing = 0;
		};
		5270EC292F504A90009EAFD2 /* Frameworks */ = {
			isa = PBXFrameworksBuildPhase;
			buildActionMask = 2147483647;
			files = (
			);
			runOnlyForDeploymentPostprocessing = 0;
		};
		5270EC332F504A90009EAFD2 /* Frameworks */ = {
			isa = PBXFrameworksBuildPhase;
			buildActionMask = 2147483647;
			files = (
				58603A442F50F4BE003CE425 /* XCTest.framework in Frameworks */,
			);
			runOnlyForDeploymentPostprocessing = 0;
		};
/* End PBXFrameworksBuildPhase section */

/* Begin PBXGroup section */
		5270EC122F504A8E009EAFD2 = {
			isa = PBXGroup;
			children = (
				5270EC1D2F504A8E009EAFD2 /* capsule */,
				5270EC2F2F504A90009EAFD2 /* capsuleTests */,
				5270EC392F504A90009EAFD2 /* capsuleUITests */,
				52F9D0782F50B38B00F3E154 /* Frameworks */,
				5270EC1C2F504A8E009EAFD2 /* Products */,
			);
			sourceTree = "<group>";
		};
		5270EC1C2F504A8E009EAFD2 /* Products */ = {
			isa = PBXGroup;
			children = (
				5270EC1B2F504A8E009EAFD2 /* capsule.app */,
				5270EC2C2F504A90009EAFD2 /* capsuleTests.xctest */,
				5270EC362F504A90009EAFD2 /* capsuleUITests.xctest */,
			);
			name = Products;
			sourceTree = "<group>";
		};
		52F9D0782F50B38B00F3E154 /* Frameworks */ = {
			isa = PBXGroup;
			children = (
				58603A432F50F4BE003CE425 /* XCTest.framework */,
			);
			name = Frameworks;
			sourceTree = "<group>";
		};
/* End PBXGroup section */

/* Begin PBXNativeTarget section */
		5270EC1A2F504A8E009EAFD2 /* capsule */ = {
			isa = PBXNativeTarget;
			buildConfigurationList = 5270EC402F504A90009EAFD2 /* Build configuration list for PBXNativeTarget "capsule" */;
			buildPhases = (
				5270EC172F504A8E009EAFD2 /* Sources */,
				5270EC182F504A8E009EAFD2 /* Frameworks */,
				5270EC192F504A8E009EAFD2 /* Resources */,
			);
			buildRules = (
			);
			dependencies = (
			);
			fileSystemSynchronizedGroups = (
				5270EC1D2F504A8E009EAFD2 /* capsule */,
			);
			name = capsule;
			packageProductDependencies = (
				52F9D0792F50B38B00F3E154 /* SwiftTerm */,
			);
			productName = capsule;
			productReference = 5270EC1B2F504A8E009EAFD2 /* capsule.app */;
			productType = "com.apple.product-type.application";
		};
		5270EC2B2F504A90009EAFD2 /* capsuleTests */ = {
			isa = PBXNativeTarget;
			buildConfigurationList = 5270EC432F504A90009EAFD2 /* Build configuration list for PBXNativeTarget "capsuleTests" */;
			buildPhases = (
				5270EC282F504A90009EAFD2 /* Sources */,
				5270EC292F504A90009EAFD2 /* Frameworks */,
				5270EC2A2F504A90009EAFD2 /* Resources */,
			);
			buildRules = (
			);
			dependencies = (
				5270EC2E2F504A90009EAFD2 /* PBXTargetDependency */,
			);
			fileSystemSynchronizedGroups = (
				5270EC2F2F504A90009EAFD2 /* capsuleTests */,
			);
			name = capsuleTests;
			packageProductDependencies = (
			);
			productName = capsuleTests;
			productReference = 5270EC2C2F504A90009EAFD2 /* capsuleTests.xctest */;
			productType = "com.apple.product-type.bundle.unit-test";
		};
		5270EC352F504A90009EAFD2 /* capsuleUITests */ = {
			isa = PBXNativeTarget;
			buildConfigurationList = 5270EC462F504A90009EAFD2 /* Build configuration list for PBXNativeTarget "capsuleUITests" */;
			buildPhases = (
				5270EC322F504A90009EAFD2 /* Sources */,
				5270EC332F504A90009EAFD2 /* Frameworks */,
				5270EC342F504A90009EAFD2 /* Resources */,
				58603A462F50F4BE003CE425 /* Embed Frameworks */,
			);
			buildRules = (
			);
			dependencies = (
				5270EC382F504A90009EAFD2 /* PBXTargetDependency */,
			);
			fileSystemSynchronizedGroups = (
				5270EC392F504A90009EAFD2 /* capsuleUITests */,
			);
			name = capsuleUITests;
			packageProductDependencies = (
			);
			productName = capsuleUITests;
			productReference = 5270EC362F504A90009EAFD2 /* capsuleUITests.xctest */;
			productType = "com.apple.product-type.bundle.ui-testing";
		};
/* End PBXNativeTarget section */

/* Begin PBXProject section */
		5270EC132F504A8E009EAFD2 /* Project object */ = {
			isa = PBXProject;
			attributes = {
				BuildIndependentTargetsInParallel = 1;
				LastSwiftUpdateCheck = 1620;
				LastUpgradeCheck = 1620;
				TargetAttributes = {
					5270EC1A2F504A8E009EAFD2 = {
						CreatedOnToolsVersion = 16.2;
					};
					5270EC2B2F504A90009EAFD2 = {
						CreatedOnToolsVersion = 16.2;
						TestTargetID = 5270EC1A2F504A8E009EAFD2;
					};
					5270EC352F504A90009EAFD2 = {
						CreatedOnToolsVersion = 16.2;
						TestTargetID = 5270EC1A2F504A8E009EAFD2;
					};
				};
			};
			buildConfigurationList = 5270EC162F504A8E009EAFD2 /* Build configuration list for PBXProject "capsule" */;
			developmentRegion = en;
			hasScannedForEncodings = 0;
			knownRegions = (
				en,
				Base,
			);
			mainGroup = 5270EC122F504A8E009EAFD2;
			minimizedProjectReferenceProxies = 1;
			packageReferences = (
				5270EC4D2F50A510009EAFD2 /* XCRemoteSwiftPackageReference "SwiftTerm" */,
			);
			preferredProjectObjectVersion = 77;
			productRefGroup = 5270EC1C2F504A8E009EAFD2 /* Products */;
			projectDirPath = "";
			projectRoot = "";
			targets = (
				5270EC1A2F504A8E009EAFD2 /* capsule */,
				5270EC2B2F504A90009EAFD2 /* capsuleTests */,
				5270EC352F504A90009EAFD2 /* capsuleUITests */,
			);
		};
/* End PBXProject section */

/* Begin PBXResourcesBuildPhase section */
		5270EC192F504A8E009EAFD2 /* Resources */ = {
			isa = PBXResourcesBuildPhase;
			buildActionMask = 2147483647;
			files = (
			);
			runOnlyForDeploymentPostprocessing = 0;
		};
		5270EC2A2F504A90009EAFD2 /* Resources */ = {
			isa = PBXResourcesBuildPhase;
			buildActionMask = 2147483647;
			files = (
			);
			runOnlyForDeploymentPostprocessing = 0;
		};
		5270EC342F504A90009EAFD2 /* Resources */ = {
			isa = PBXResourcesBuildPhase;
			buildActionMask = 2147483647;
			files = (
			);
			runOnlyForDeploymentPostprocessing = 0;
		};
/* End PBXResourcesBuildPhase section */

/* Begin PBXSourcesBuildPhase section */
		5270EC172F504A8E009EAFD2 /* Sources */ = {
			isa = PBXSourcesBuildPhase;
			buildActionMask = 2147483647;
			files = (
			);
			runOnlyForDeploymentPostprocessing = 0;
		};
		5270EC282F504A90009EAFD2 /* Sources */ = {
			isa = PBXSourcesBuildPhase;
			buildActionMask = 2147483647;
			files = (
			);
			runOnlyForDeploymentPostprocessing = 0;
		};
		5270EC322F504A90009EAFD2 /* Sources */ = {
			isa = PBXSourcesBuildPhase;
			buildActionMask = 2147483647;
			files = (
			);
			runOnlyForDeploymentPostprocessing = 0;
		};
/* End PBXSourcesBuildPhase section */

/* Begin PBXTargetDependency section */
		5270EC2E2F504A90009EAFD2 /* PBXTargetDependency */ = {
			isa = PBXTargetDependency;
			target = 5270EC1A2F504A8E009EAFD2 /* capsule */;
			targetProxy = 5270EC2D2F504A90009EAFD2 /* PBXContainerItemProxy */;
		};
		5270EC382F504A90009EAFD2 /* PBXTargetDependency */ = {
			isa = PBXTargetDependency;
			target = 5270EC1A2F504A8E009EAFD2 /* capsule */;
			targetProxy = 5270EC372F504A90009EAFD2 /* PBXContainerItemProxy */;
		};
/* End PBXTargetDependency section */

/* Begin XCBuildConfiguration section */
		5270EC3E2F504A90009EAFD2 /* Debug */ = {
			isa = XCBuildConfiguration;
			buildSettings = {
				ALWAYS_SEARCH_USER_PATHS = NO;
				ASSETCATALOG_COMPILER_GENERATE_SWIFT_ASSET_SYMBOL_EXTENSIONS = YES;
				CLANG_ANALYZER_NONNULL = YES;
				CLANG_ANALYZER_NUMBER_OBJECT_CONVERSION = YES_AGGRESSIVE;
				CLANG_CXX_LANGUAGE_STANDARD = "gnu++20";
				CLANG_ENABLE_MODULES = YES;
				CLANG_ENABLE_OBJC_ARC = YES;
				CLANG_ENABLE_OBJC_WEAK = YES;
				CLANG_WARN_BLOCK_CAPTURE_AUTORELEASING = YES;
				CLANG_WARN_BOOL_CONVERSION = YES;
				CLANG_WARN_COMMA = YES;
				CLANG_WARN_CONSTANT_CONVERSION = YES;
				CLANG_WARN_DEPRECATED_OBJC_IMPLEMENTATIONS = YES;
				CLANG_WARN_DIRECT_OBJC_ISA_USAGE = YES_ERROR;
				CLANG_WARN_DOCUMENTATION_COMMENTS = YES;
				CLANG_WARN_EMPTY_BODY = YES;
				CLANG_WARN_ENUM_CONVERSION = YES;
				CLANG_WARN_INFINITE_RECURSION = YES;
				CLANG_WARN_INT_CONVERSION = YES;
				CLANG_WARN_NON_LITERAL_NULL_CONVERSION = YES;
				CLANG_WARN_OBJC_IMPLICIT_RETAIN_SELF = YES;
				CLANG_WARN_OBJC_LITERAL_CONVERSION = YES;
				CLANG_WARN_OBJC_ROOT_CLASS = YES_ERROR;
				CLANG_WARN_QUOTED_INCLUDE_IN_FRAMEWORK_HEADER = YES;
				CLANG_WARN_RANGE_LOOP_ANALYSIS = YES;
				CLANG_WARN_STRICT_PROTOTYPES = YES;
				CLANG_WARN_SUSPICIOUS_MOVE = YES;
				CLANG_WARN_UNGUARDED_AVAILABILITY = YES_AGGRESSIVE;
				CLANG_WARN_UNREACHABLE_CODE = YES;
				CLANG_WARN__DUPLICATE_METHOD_MATCH = YES;
				COPY_PHASE_STRIP = NO;
				DEBUG_INFORMATION_FORMAT = dwarf;
				ENABLE_STRICT_OBJC_MSGSEND = YES;
				ENABLE_TESTABILITY = YES;
				ENABLE_USER_SCRIPT_SANDBOXING = YES;
				GCC_C_LANGUAGE_STANDARD = gnu17;
				GCC_DYNAMIC_NO_PIC = NO;
				GCC_NO_COMMON_BLOCKS = YES;
				GCC_OPTIMIZATION_LEVEL = 0;
				GCC_PREPROCESSOR_DEFINITIONS = (
					"DEBUG=1",
					"$(inherited)",
				);
				GCC_WARN_64_TO_32_BIT_CONVERSION = YES;
				GCC_WARN_ABOUT_RETURN_TYPE = YES_ERROR;
				GCC_WARN_UNDECLARED_SELECTOR = YES;
				GCC_WARN_UNINITIALIZED_AUTOS = YES_AGGRESSIVE;
				GCC_WARN_UNUSED_FUNCTION = YES;
				GCC_WARN_UNUSED_VARIABLE = YES;
				LOCALIZATION_PREFERS_STRING_CATALOGS = YES;
				MACOSX_DEPLOYMENT_TARGET = 15.2;
				MTL_ENABLE_DEBUG_INFO = INCLUDE_SOURCE;
				MTL_FAST_MATH = YES;
				ONLY_ACTIVE_ARCH = YES;
				SDKROOT = macosx;
				SWIFT_ACTIVE_COMPILATION_CONDITIONS = "DEBUG $(inherited)";
				SWIFT_OPTIMIZATION_LEVEL = "-Onone";
			};
			name = Debug;
		};
		5270EC3F2F504A90009EAFD2 /* Release */ = {
			isa = XCBuildConfiguration;
			buildSettings = {
				ALWAYS_SEARCH_USER_PATHS = NO;
				ASSETCATALOG_COMPILER_GENERATE_SWIFT_ASSET_SYMBOL_EXTENSIONS = YES;
				CLANG_ANALYZER_NONNULL = YES;
				CLANG_ANALYZER_NUMBER_OBJECT_CONVERSION = YES_AGGRESSIVE;
				CLANG_CXX_LANGUAGE_STANDARD = "gnu++20";
				CLANG_ENABLE_MODULES = YES;
				CLANG_ENABLE_OBJC_ARC = YES;
				CLANG_ENABLE_OBJC_WEAK = YES;
				CLANG_WARN_BLOCK_CAPTURE_AUTORELEASING = YES;
				CLANG_WARN_BOOL_CONVERSION = YES;
				CLANG_WARN_COMMA = YES;
				CLANG_WARN_CONSTANT_CONVERSION = YES;
				CLANG_WARN_DEPRECATED_OBJC_IMPLEMENTATIONS = YES;
				CLANG_WARN_DIRECT_OBJC_ISA_USAGE = YES_ERROR;
				CLANG_WARN_DOCUMENTATION_COMMENTS = YES;
				CLANG_WARN_EMPTY_BODY = YES;
				CLANG_WARN_ENUM_CONVERSION = YES;
				CLANG_WARN_INFINITE_RECURSION = YES;
				CLANG_WARN_INT_CONVERSION = YES;
				CLANG_WARN_NON_LITERAL_NULL_CONVERSION = YES;
				CLANG_WARN_OBJC_IMPLICIT_RETAIN_SELF = YES;
				CLANG_WARN_OBJC_LITERAL_CONVERSION = YES;
				CLANG_WARN_OBJC_ROOT_CLASS = YES_ERROR;
				CLANG_WARN_QUOTED_INCLUDE_IN_FRAMEWORK_HEADER = YES;
				CLANG_WARN_RANGE_LOOP_ANALYSIS = YES;
				CLANG_WARN_STRICT_PROTOTYPES = YES;
				CLANG_WARN_SUSPICIOUS_MOVE = YES;
				CLANG_WARN_UNGUARDED_AVAILABILITY = YES_AGGRESSIVE;
				CLANG_WARN_UNREACHABLE_CODE = YES;
				CLANG_WARN__DUPLICATE_METHOD_MATCH = YES;
				COPY_PHASE_STRIP = NO;
				DEBUG_INFORMATION_FORMAT = "dwarf-with-dsym";
				ENABLE_NS_ASSERTIONS = NO;
				ENABLE_STRICT_OBJC_MSGSEND = YES;
				ENABLE_USER_SCRIPT_SANDBOXING = YES;
				GCC_C_LANGUAGE_STANDARD = gnu17;
				GCC_NO_COMMON_BLOCKS = YES;
				GCC_WARN_64_TO_32_BIT_CONVERSION = YES;
				GCC_WARN_ABOUT_RETURN_TYPE = YES_ERROR;
				GCC_WARN_UNDECLARED_SELECTOR = YES;
				GCC_WARN_UNINITIALIZED_AUTOS = YES_AGGRESSIVE;
				GCC_WARN_UNUSED_FUNCTION = YES;
				GCC_WARN_UNUSED_VARIABLE = YES;
				LOCALIZATION_PREFERS_STRING_CATALOGS = YES;
				MACOSX_DEPLOYMENT_TARGET = 15.2;
				MTL_ENABLE_DEBUG_INFO = NO;
				MTL_FAST_MATH = YES;
				SDKROOT = macosx;
				SWIFT_COMPILATION_MODE = wholemodule;
			};
			name = Release;
		};
		5270EC412F504A90009EAFD2 /* Debug */ = {
			isa = XCBuildConfiguration;
			buildSettings = {
				ASSETCATALOG_COMPILER_APPICON_NAME = AppIcon;
				ASSETCATALOG_COMPILER_GLOBAL_ACCENT_COLOR_NAME = AccentColor;
				CODE_SIGN_ENTITLEMENTS = capsule/capsule.entitlements;
				CODE_SIGN_STYLE = Automatic;
				COMBINE_HIDPI_IMAGES = YES;
				CURRENT_PROJECT_VERSION = 1;
				DEVELOPMENT_ASSET_PATHS = "\"capsule/Preview Content\"";
				DEVELOPMENT_TEAM = 464ZZY2J5N;
				ENABLE_HARDENED_RUNTIME = YES;
				ENABLE_PREVIEWS = YES;
				GENERATE_INFOPLIST_FILE = YES;
				INFOPLIST_KEY_NSHumanReadableCopyright = "";
				LD_RUNPATH_SEARCH_PATHS = (
					"$(inherited)",
					"@executable_path/../Frameworks",
				);
				MARKETING_VERSION = 1.0;
				PRODUCT_BUNDLE_IDENTIFIER = com.rocken.capsule;
				PRODUCT_NAME = "$(TARGET_NAME)";
				SWIFT_EMIT_LOC_STRINGS = YES;
				SWIFT_VERSION = 5.0;
			};
			name = Debug;
		};
		5270EC422F504A90009EAFD2 /* Release */ = {
			isa = XCBuildConfiguration;
			buildSettings = {
				ASSETCATALOG_COMPILER_APPICON_NAME = AppIcon;
				ASSETCATALOG_COMPILER_GLOBAL_ACCENT_COLOR_NAME = AccentColor;
				CODE_SIGN_ENTITLEMENTS = capsule/capsule.entitlements;
				CODE_SIGN_STYLE = Automatic;
				COMBINE_HIDPI_IMAGES = YES;
				CURRENT_PROJECT_VERSION = 1;
				DEVELOPMENT_ASSET_PATHS = "\"capsule/Preview Content\"";
				DEVELOPMENT_TEAM = 464ZZY2J5N;
				ENABLE_HARDENED_RUNTIME = YES;
				ENABLE_PREVIEWS = YES;
				GENERATE_INFOPLIST_FILE = YES;
				INFOPLIST_KEY_NSHumanReadableCopyright = "";
				LD_RUNPATH_SEARCH_PATHS = (
					"$(inherited)",
					"@executable_path/../Frameworks",
				);
				MARKETING_VERSION = 1.0;
				PRODUCT_BUNDLE_IDENTIFIER = com.rocken.capsule;
				PRODUCT_NAME = "$(TARGET_NAME)";
				SWIFT_EMIT_LOC_STRINGS = YES;
				SWIFT_VERSION = 5.0;
			};
			name = Release;
		};
		5270EC442F504A90009EAFD2 /* Debug */ = {
			isa = XCBuildConfiguration;
			buildSettings = {
				BUNDLE_LOADER = "$(TEST_HOST)";
				CODE_SIGN_STYLE = Automatic;
				CURRENT_PROJECT_VERSION = 1;
				DEVELOPMENT_TEAM = 464ZZY2J5N;
				GENERATE_INFOPLIST_FILE = YES;
				MACOSX_DEPLOYMENT_TARGET = 15.2;
				MARKETING_VERSION = 1.0;
				PRODUCT_BUNDLE_IDENTIFIER = com.rocken.capsuleTests;
				PRODUCT_NAME = "$(TARGET_NAME)";
				SWIFT_EMIT_LOC_STRINGS = NO;
				SWIFT_VERSION = 5.0;
				TEST_HOST = "$(BUILT_PRODUCTS_DIR)/capsule.app/$(BUNDLE_EXECUTABLE_FOLDER_PATH)/capsule";
			};
			name = Debug;
		};
		5270EC452F504A90009EAFD2 /* Release */ = {
			isa = XCBuildConfiguration;
			buildSettings = {
				BUNDLE_LOADER = "$(TEST_HOST)";
				CODE_SIGN_STYLE = Automatic;
				CURRENT_PROJECT_VERSION = 1;
				DEVELOPMENT_TEAM = 464ZZY2J5N;
				GENERATE_INFOPLIST_FILE = YES;
				MACOSX_DEPLOYMENT_TARGET = 15.2;
				MARKETING_VERSION = 1.0;
				PRODUCT_BUNDLE_IDENTIFIER = com.rocken.capsuleTests;
				PRODUCT_NAME = "$(TARGET_NAME)";
				SWIFT_EMIT_LOC_STRINGS = NO;
				SWIFT_VERSION = 5.0;
				TEST_HOST = "$(BUILT_PRODUCTS_DIR)/capsule.app/$(BUNDLE_EXECUTABLE_FOLDER_PATH)/capsule";
			};
			name = Release;
		};
		5270EC472F504A90009EAFD2 /* Debug */ = {
			isa = XCBuildConfiguration;
			buildSettings = {
				CODE_SIGN_STYLE = Automatic;
				CURRENT_PROJECT_VERSION = 1;
				DEVELOPMENT_TEAM = 464ZZY2J5N;
				GENERATE_INFOPLIST_FILE = YES;
				MARKETING_VERSION = 1.0;
				PRODUCT_BUNDLE_IDENTIFIER = com.rocken.capsuleUITests;
				PRODUCT_NAME = "$(TARGET_NAME)";
				SWIFT_EMIT_LOC_STRINGS = NO;
				SWIFT_VERSION = 5.0;
				TEST_TARGET_NAME = capsule;
			};
			name = Debug;
		};
		5270EC482F504A90009EAFD2 /* Release */ = {
			isa = XCBuildConfiguration;
			buildSettings = {
				CODE_SIGN_STYLE = Automatic;
				CURRENT_PROJECT_VERSION = 1;
				DEVELOPMENT_TEAM = 464ZZY2J5N;
				GENERATE_INFOPLIST_FILE = YES;
				MARKETING_VERSION = 1.0;
				PRODUCT_BUNDLE_IDENTIFIER = com.rocken.capsuleUITests;
				PRODUCT_NAME = "$(TARGET_NAME)";
				SWIFT_EMIT_LOC_STRINGS = NO;
				SWIFT_VERSION = 5.0;
				TEST_TARGET_NAME = capsule;
			};
			name = Release;
		};
/* End XCBuildConfiguration section */

/* Begin XCConfigurationList section */
		5270EC162F504A8E009EAFD2 /* Build configuration list for PBXProject "capsule" */ = {
			isa = XCConfigurationList;
			buildConfigurations = (
				5270EC3E2F504A90009EAFD2 /* Debug */,
				5270EC3F2F504A90009EAFD2 /* Release */,
			);
			defaultConfigurationIsVisible = 0;
			defaultConfigurationName = Debug;
		};
		5270EC402F504A90009EAFD2 /* Build configuration list for PBXNativeTarget "capsule" */ = {
			isa = XCConfigurationList;
			buildConfigurations = (
				5270EC412F504A90009EAFD2 /* Debug */,
				5270EC422F504A90009EAFD2 /* Release */,
			);
			defaultConfigurationIsVisible = 0;
			defaultConfigurationName = Debug;
		};
		5270EC432F504A90009EAFD2 /* Build configuration list for PBXNativeTarget "capsuleTests" */ = {
			isa = XCConfigurationList;
			buildConfigurations = (
				5270EC442F504A90009EAFD2 /* Debug */,
				5270EC452F504A90009EAFD2 /* Release */,
			);
			defaultConfigurationIsVisible = 0;
			defaultConfigurationName = Debug;
		};
		5270EC462F504A90009EAFD2 /* Build configuration list for PBXNativeTarget "capsuleUITests" */ = {
			isa = XCConfigurationList;
			buildConfigurations = (
				5270EC472F504A90009EAFD2 /* Debug */,
				5270EC482F504A90009EAFD2 /* Release */,
			);
			defaultConfigurationIsVisible = 0;
			defaultConfigurationName = Debug;
		};
/* End XCConfigurationList section */

/* Begin XCRemoteSwiftPackageReference section */
		5270EC4D2F50A510009EAFD2 /* XCRemoteSwiftPackageReference "SwiftTerm" */ = {
			isa = XCRemoteSwiftPackageReference;
			repositoryURL = "https://github.com/migueldeicaza/SwiftTerm";
			requirement = {
				kind = upToNextMajorVersion;
				minimumVersion = 1.5.0;
			};
		};
/* End XCRemoteSwiftPackageReference section */

/* Begin XCSwiftPackageProductDependency section */
		52F9D0792F50B38B00F3E154 /* SwiftTerm */ = {
			isa = XCSwiftPackageProductDependency;
			package = 5270EC4D2F50A510009EAFD2 /* XCRemoteSwiftPackageReference "SwiftTerm" */;
			productName = SwiftTerm;
		};
/* End XCSwiftPackageProductDependency section */
	};
	rootObject = 5270EC132F504A8E009EAFD2 /* Project object */;
}
